# This file is automatically @generated by Poetry 1.5.1 and should not be changed by hand.

[[package]]
name = "linked-list"
version = "0.0.7"
description = "Classes for linked lists and doubly linked lists"
optional = false
python-versions = "*"
files = [
    {file = "linked_list-0.0.7.tar.gz", hash = "sha256:fc4b95e0a9ca13c0ae18101776f65cc24e321d8f7d4d2b00da6ef5bd750e7eef"},
]

[metadata]
lock-version = "2.0"
python-versions = ">=3.10.0,<3.11"
content-hash = "7d708240134322b55ce1a22c2dd5dc4279da869bbaa8d21b23fdec29ce6d06a3"
